
Microsoft Visual Studio Solution File, Format Version 12.00
# Visual Studio Version 16
VisualStudioVersion = 16.0.30002.166
MinimumVisualStudioVersion = 10.0.40219.1
Project("{FAE04EC0-301F-11D3-BF4B-00C04F79EFBC}") = "MyPortfolioWeb", "MyPortfolioWeb\MyPortfolioWeb.csproj", "{5179ADC5-DA4A-48D0-A025-F4A757B7D97B}"
EndProject
Global
	GlobalSection(SolutionConfigurationPlatforms) = preSolution
		Debug|Any CPU = Debug|Any CPU
		Release|Any CPU = Release|Any CPU
	EndGlobalSection
	GlobalSection(ProjectConfigurationPlatforms) = postSolution
		{5179ADC5-DA4A-48D0-A025-F4A757B7D97B}.Debug|Any CPU.ActiveCfg = Debug|Any CPU
		{5179ADC5-DA4A-48D0-A025-F4A757B7D97B}.Debug|Any CPU.Build.0 = Debug|Any CPU
		{5179ADC5-DA4A-48D0-A025-F4A757B7D97B}.Release|Any CPU.ActiveCfg = Release|Any CPU
		{5179ADC5-DA4A-48D0-A025-F4A757B7D97B}.Release|Any CPU.Build.0 = Release|Any CPU
	EndGlobalSection
	GlobalSection(SolutionProperties) = preSolution
		HideSolutionNode = FALSE
	EndGlobalSection
	GlobalSection(ExtensibilityGlobals) = postSolution
		SolutionGuid = {19CEAA45-F6EC-4A96-BBAE-6F722A8034C0}
	EndGlobalSection
EndGlobal
